
Microsoft Visual Studio Solution File, Format Version 12.00
# Visual Studio 15
Project("{FAE04EC0-301F-11D3-BF4B-00C04F79EFBC}") = "Assembly-CSharp", "Assembly-CSharp.csproj", "{4021146B-C2CF-796B-16EF-E910B22CDF8C}"
EndProject
Project("{FAE04EC0-301F-11D3-BF4B-00C04F79EFBC}") = "SteamVR", "SteamVR.csproj", "{8610D6EA-06CF-A54A-7EB0-06F0F1FA0097}"
EndProject
Project("{FAE04EC0-301F-11D3-BF4B-00C04F79EFBC}") = "Assembly-CSharp-firstpass", "Assembly-CSharp-firstpass.csproj", "{DD572CF2-6F08-9C41-AD75-51AD53F9B145}"
EndProject
Project("{FAE04EC0-301F-11D3-BF4B-00C04F79EFBC}") = "SteamVR_Actions", "SteamVR_Actions.csproj", "{7C1E46C1-CC9F-9C4B-1B8E-32C27F91DA48}"
EndProject
Project("{FAE04EC0-301F-11D3-BF4B-00C04F79EFBC}") = "SteamVR_Editor", "SteamVR_Editor.csproj", "{E2621FE1-CAD8-87B9-E386-BBD2614DCBBF}"
EndProject
Project("{FAE04EC0-301F-11D3-BF4B-00C04F79EFBC}") = "SteamVR_Input_Editor", "SteamVR_Input_Editor.csproj", "{E4DFABC1-0809-F65F-8A97-9D29ABCDE2F3}"
EndProject
Project("{FAE04EC0-301F-11D3-BF4B-00C04F79EFBC}") = "Assembly-CSharp-Editor", "Assembly-CSharp-Editor.csproj", "{824700BB-7C9E-E7CB-8349-FD8DD7FB2C55}"
EndProject
Project("{FAE04EC0-301F-11D3-BF4B-00C04F79EFBC}") = "Assembly-CSharp-Editor-firstpass", "Assembly-CSharp-Editor-firstpass.csproj", "{2ECE4F77-E934-2F24-572A-218FAD2A716C}"
EndProject
Project("{FAE04EC0-301F-11D3-BF4B-00C04F79EFBC}") = "SteamVR_Windows_EditorHelper", "SteamVR_Windows_EditorHelper.csproj", "{33553DA0-893D-BA39-C413-337E63EBA6F1}"
EndProject
Global
	GlobalSection(SolutionConfigurationPlatforms) = preSolution
		Debug|Any CPU = Debug|Any CPU
		Release|Any CPU = Release|Any CPU
	EndGlobalSection
	GlobalSection(ProjectConfigurationPlatforms) = postSolution
		{4021146B-C2CF-796B-16EF-E910B22CDF8C}.Debug|Any CPU.ActiveCfg = Debug|Any CPU
		{4021146B-C2CF-796B-16EF-E910B22CDF8C}.Debug|Any CPU.Build.0 = Debug|Any CPU
		{4021146B-C2CF-796B-16EF-E910B22CDF8C}.Release|Any CPU.ActiveCfg = Release|Any CPU
		{4021146B-C2CF-796B-16EF-E910B22CDF8C}.Release|Any CPU.Build.0 = Release|Any CPU
		{8610D6EA-06CF-A54A-7EB0-06F0F1FA0097}.Debug|Any CPU.ActiveCfg = Debug|Any CPU
		{8610D6EA-06CF-A54A-7EB0-06F0F1FA0097}.Debug|Any CPU.Build.0 = Debug|Any CPU
		{8610D6EA-06CF-A54A-7EB0-06F0F1FA0097}.Release|Any CPU.ActiveCfg = Release|Any CPU
		{8610D6EA-06CF-A54A-7EB0-06F0F1FA0097}.Release|Any CPU.Build.0 = Release|Any CPU
		{DD572CF2-6F08-9C41-AD75-51AD53F9B145}.Debug|Any CPU.ActiveCfg = Debug|Any CPU
		{DD572CF2-6F08-9C41-AD75-51AD53F9B145}.Debug|Any CPU.Build.0 = Debug|Any CPU
		{DD572CF2-6F08-9C41-AD75-51AD53F9B145}.Release|Any CPU.ActiveCfg = Release|Any CPU
		{DD572CF2-6F08-9C41-AD75-51AD53F9B145}.Release|Any CPU.Build.0 = Release|Any CPU
		{7C1E46C1-CC9F-9C4B-1B8E-32C27F91DA48}.Debug|Any CPU.ActiveCfg = Debug|Any CPU
		{7C1E46C1-CC9F-9C4B-1B8E-32C27F91DA48}.Debug|Any CPU.Build.0 = Debug|Any CPU
		{7C1E46C1-CC9F-9C4B-1B8E-32C27F91DA48}.Release|Any CPU.ActiveCfg = Release|Any CPU
		{7C1E46C1-CC9F-9C4B-1B8E-32C27F91DA48}.Release|Any CPU.Build.0 = Release|Any CPU
		{E2621FE1-CAD8-87B9-E386-BBD2614DCBBF}.Debug|Any CPU.ActiveCfg = Debug|Any CPU
		{E2621FE1-CAD8-87B9-E386-BBD2614DCBBF}.Debug|Any CPU.Build.0 = Debug|Any CPU
		{E2621FE1-CAD8-87B9-E386-BBD2614DCBBF}.Release|Any CPU.ActiveCfg = Release|Any CPU
		{E2621FE1-CAD8-87B9-E386-BBD2614DCBBF}.Release|Any CPU.Build.0 = Release|Any CPU
		{E4DFABC1-0809-F65F-8A97-9D29ABCDE2F3}.Debug|Any CPU.ActiveCfg = Debug|Any CPU
		{E4DFABC1-0809-F65F-8A97-9D29ABCDE2F3}.Debug|Any CPU.Build.0 = Debug|Any CPU
		{E4DFABC1-0809-F65F-8A97-9D29ABCDE2F3}.Release|Any CPU.ActiveCfg = Release|Any CPU
		{E4DFABC1-0809-F65F-8A97-9D29ABCDE2F3}.Release|Any CPU.Build.0 = Release|Any CPU
		{824700BB-7C9E-E7CB-8349-FD8DD7FB2C55}.Debug|Any CPU.ActiveCfg = Debug|Any CPU
		{824700BB-7C9E-E7CB-8349-FD8DD7FB2C55}.Debug|Any CPU.Build.0 = Debug|Any CPU
		{824700BB-7C9E-E7CB-8349-FD8DD7FB2C55}.Release|Any CPU.ActiveCfg = Release|Any CPU
		{824700BB-7C9E-E7CB-8349-FD8DD7FB2C55}.Release|Any CPU.Build.0 = Release|Any CPU
		{2ECE4F77-E934-2F24-572A-218FAD2A716C}.Debug|Any CPU.ActiveCfg = Debug|Any CPU
		{2ECE4F77-E934-2F24-572A-218FAD2A716C}.Debug|Any CPU.Build.0 = Debug|Any CPU
		{2ECE4F77-E934-2F24-572A-218FAD2A716C}.Release|Any CPU.ActiveCfg = Release|Any CPU
		{2ECE4F77-E934-2F24-572A-218FAD2A716C}.Release|Any CPU.Build.0 = Release|Any CPU
		{33553DA0-893D-BA39-C413-337E63EBA6F1}.Debug|Any CPU.ActiveCfg = Debug|Any CPU
		{33553DA0-893D-BA39-C413-337E63EBA6F1}.Debug|Any CPU.Build.0 = Debug|Any CPU
		{33553DA0-893D-BA39-C413-337E63EBA6F1}.Release|Any CPU.ActiveCfg = Release|Any CPU
		{33553DA0-893D-BA39-C413-337E63EBA6F1}.Release|Any CPU.Build.0 = Release|Any CPU
	EndGlobalSection
	GlobalSection(SolutionProperties) = preSolution
		HideSolutionNode = FALSE
	EndGlobalSection
EndGlobal
